// !$*UTF8*$!
{
	archiveVersion = 1;
	classes = {
	};
	objectVersion = 48;
	objects = {

/* Begin PBXBuildFile section */
		EF8FDA56207B5DE60024CF66 /* main.swift in Sources */ = {isa = PBXBuildFile; fileRef = EF8FDA55207B5DE60024CF66 /* main.swift */; };
		EF8FDA60207B6B400024CF66 /* TextDetection.swift in Sources */ = {isa = PBXBuildFile; fileRef = EF8FDA5F207B6B400024CF66 /* TextDetection.swift */; };
		EF8FDA62207B777B0024CF66 /* Vision.framework in Frameworks */ = {isa = PBXBuildFile; fileRef = EF8FDA61207B77740024CF66 /* Vision.framework */; };
		EF8FDA64207B778A0024CF66 /* CoreML.framework in Frameworks */ = {isa = PBXBuildFile; fileRef = EF8FDA63207B77810024CF66 /* CoreML.framework */; };
		EF8FDA66207B85850024CF66 /* ImageExtension.swift in Sources */ = {isa = PBXBuildFile; fileRef = EF8FDA65207B85850024CF66 /* ImageExtension.swift */; };
		EF8FDA68207B860D0024CF66 /* CoreGraphics.framework in Frameworks */ = {isa = PBXBuildFile; fileRef = EF8FDA67207B86050024CF66 /* CoreGraphics.framework */; };
		EF8FDA69207B88E70024CF66 /* Cocoa.framework in Frameworks */ = {isa = PBXBuildFile; fileRef = EF8FDA5D207B69A10024CF66 /* Cocoa.framework */; };
/* End PBXBuildFile section */

/* Begin PBXCopyFilesBuildPhase section */
		EF8FDA50207B5DE60024CF66 /* CopyFiles */ = {
			isa = PBXCopyFilesBuildPhase;
			buildActionMask = 2147483647;
			dstPath = /usr/share/man/man1/;
			dstSubfolderSpec = 0;
			files = (
			);
			runOnlyForDeploymentPostprocessing = 1;
		};
/* End PBXCopyFilesBuildPhase section */

/* Begin PBXFileReference section */
		EF8FDA52207B5DE60024CF66 /* vision_text_detection */ = {isa = PBXFileReference; explicitFileType = "compiled.mach-o.executable"; includeInIndex = 0; path = vision_text_detection; sourceTree = BUILT_PRODUCTS_DIR; };
		EF8FDA55207B5DE60024CF66 /* main.swift */ = {isa = PBXFileReference; lastKnownFileType = sourcecode.swift; path = main.swift; sourceTree = "<group>"; };
		EF8FDA5D207B69A10024CF66 /* Cocoa.framework */ = {isa = PBXFileReference; lastKnownFileType = wrapper.framework; name = Cocoa.framework; path = System/Library/Frameworks/Cocoa.framework; sourceTree = SDKROOT; };
		EF8FDA5F207B6B400024CF66 /* TextDetection.swift */ = {isa = PBXFileReference; lastKnownFileType = sourcecode.swift; path = TextDetection.swift; sourceTree = "<group>"; };
		EF8FDA61207B77740024CF66 /* Vision.framework */ = {isa = PBXFileReference; lastKnownFileType = wrapper.framework; name = Vision.framework; path = System/Library/Frameworks/Vision.framework; sourceTree = SDKROOT; };
		EF8FDA63207B77810024CF66 /* CoreML.framework */ = {isa = PBXFileReference; lastKnownFileType = wrapper.framework; name = CoreML.framework; path = System/Library/Frameworks/CoreML.framework; sourceTree = SDKROOT; };
		EF8FDA65207B85850024CF66 /* ImageExtension.swift */ = {isa = PBXFileReference; lastKnownFileType = sourcecode.swift; path = ImageExtension.swift; sourceTree = "<group>"; };
		EF8FDA67207B86050024CF66 /* CoreGraphics.framework */ = {isa = PBXFileReference; lastKnownFileType = wrapper.framework; name = CoreGraphics.framework; path = System/Library/Frameworks/CoreGraphics.framework; sourceTree = SDKROOT; };
/* End PBXFileReference section */

/* Begin PBXFrameworksBuildPhase section */
		EF8FDA4F207B5DE60024CF66 /* Frameworks */ = {
			isa = PBXFrameworksBuildPhase;
			buildActionMask = 2147483647;
			files = (
				EF8FDA69207B88E70024CF66 /* Cocoa.framework in Frameworks */,
				EF8FDA68207B860D0024CF66 /* CoreGraphics.framework in Frameworks */,
				EF8FDA64207B778A0024CF66 /* CoreML.framework in Frameworks */,
				EF8FDA62207B777B0024CF66 /* Vision.framework in Frameworks */,
			);
			runOnlyForDeploymentPostprocessing = 0;
		};
/* End PBXFrameworksBuildPhase section */

/* Begin PBXGroup section */
		EF8FDA49207B5DE60024CF66 = {
			isa = PBXGroup;
			children = (
				EF8FDA54207B5DE60024CF66 /* vision_text_detection */,
				EF8FDA53207B5DE60024CF66 /* Products */,
				EF8FDA5C207B69A10024CF66 /* Frameworks */,
			);
			sourceTree = "<group>";
		};
		EF8FDA53207B5DE60024CF66 /* Products */ = {
			isa = PBXGroup;
			children = (
				EF8FDA52207B5DE60024CF66 /* vision_text_detection */,
			);
			name = Products;
			sourceTree = "<group>";
		};
		EF8FDA54207B5DE60024CF66 /* vision_text_detection */ = {
			isa = PBXGroup;
			children = (
				EF8FDA65207B85850024CF66 /* ImageExtension.swift */,
				EF8FDA55207B5DE60024CF66 /* main.swift */,
				EF8FDA5F207B6B400024CF66 /* TextDetection.swift */,
			);
			path = vision_text_detection;
			sourceTree = "<group>";
		};
		EF8FDA5C207B69A10024CF66 /* Frameworks */ = {
			isa = PBXGroup;
			children = (
				EF8FDA67207B86050024CF66 /* CoreGraphics.framework */,
				EF8FDA63207B77810024CF66 /* CoreML.framework */,
				EF8FDA61207B77740024CF66 /* Vision.framework */,
				EF8FDA5D207B69A10024CF66 /* Cocoa.framework */,
			);
			name = Frameworks;
			sourceTree = "<group>";
		};
/* End PBXGroup section */

/* Begin PBXNativeTarget section */
		EF8FDA51207B5DE60024CF66 /* vision_text_detection */ = {
			isa = PBXNativeTarget;
			buildConfigurationList = EF8FDA59207B5DE60024CF66 /* Build configuration list for PBXNativeTarget "vision_text_detection" */;
			buildPhases = (
				EF8FDA4E207B5DE60024CF66 /* Sources */,
				EF8FDA4F207B5DE60024CF66 /* Frameworks */,
				EF8FDA50207B5DE60024CF66 /* CopyFiles */,
			);
			buildRules = (
			);
			dependencies = (
			);
			name = vision_text_detection;
			productName = vision_text_detection;
			productReference = EF8FDA52207B5DE60024CF66 /* vision_text_detection */;
			productType = "com.apple.product-type.tool";
		};
/* End PBXNativeTarget section */

/* Begin PBXProject section */
		EF8FDA4A207B5DE60024CF66 /* Project object */ = {
			isa = PBXProject;
			attributes = {
				LastSwiftUpdateCheck = 0900;
				LastUpgradeCheck = 0900;
				ORGANIZATIONNAME = MacDevHuang;
				TargetAttributes = {
					EF8FDA51207B5DE60024CF66 = {
						CreatedOnToolsVersion = 9.0.1;
						ProvisioningStyle = Automatic;
					};
				};
			};
			buildConfigurationList = EF8FDA4D207B5DE60024CF66 /* Build configuration list for PBXProject "vision_text_detection" */;
			compatibilityVersion = "Xcode 8.0";
			developmentRegion = en;
			hasScannedForEncodings = 0;
			knownRegions = (
				en,
			);
			mainGroup = EF8FDA49207B5DE60024CF66;
			productRefGroup = EF8FDA53207B5DE60024CF66 /* Products */;
			projectDirPath = "";
			projectRoot = "";
			targets = (
				EF8FDA51207B5DE60024CF66 /* vision_text_detection */,
			);
		};
/* End PBXProject section */

/* Begin PBXSourcesBuildPhase section */
		EF8FDA4E207B5DE60024CF66 /* Sources */ = {
			isa = PBXSourcesBuildPhase;
			buildActionMask = 2147483647;
			files = (
				EF8FDA60207B6B400024CF66 /* TextDetection.swift in Sources */,
				EF8FDA66207B85850024CF66 /* ImageExtension.swift in Sources */,
				EF8FDA56207B5DE60024CF66 /* main.swift in Sources */,
			);
			runOnlyForDeploymentPostprocessing = 0;
		};
/* End PBXSourcesBuildPhase section */

/* Begin XCBuildConfiguration section */
		EF8FDA57207B5DE60024CF66 /* Debug */ = {
			isa = XCBuildConfiguration;
			buildSettings = {
				ALWAYS_SEARCH_USER_PATHS = NO;
				CLANG_ANALYZER_NONNULL = YES;
				CLANG_ANALYZER_NUMBER_OBJECT_CONVERSION = YES_AGGRESSIVE;
				CLANG_CXX_LANGUAGE_STANDARD = "gnu++14";
				CLANG_CXX_LIBRARY = "libc++";
				CLANG_ENABLE_MODULES = YES;
				CLANG_ENABLE_OBJC_ARC = YES;
				CLANG_WARN_BLOCK_CAPTURE_AUTORELEASING = YES;
				CLANG_WARN_BOOL_CONVERSION = YES;
				CLANG_WARN_COMMA = YES;
				CLANG_WARN_CONSTANT_CONVERSION = YES;
				CLANG_WARN_DIRECT_OBJC_ISA_USAGE = YES_ERROR;
				CLANG_WARN_DOCUMENTATION_COMMENTS = YES;
				CLANG_WARN_EMPTY_BODY = YES;
				CLANG_WARN_ENUM_CONVERSION = YES;
				CLANG_WARN_INFINITE_RECURSION = YES;
				CLANG_WARN_INT_CONVERSION = YES;
				CLANG_WARN_NON_LITERAL_NULL_CONVERSION = YES;
				CLANG_WARN_OBJC_LITERAL_CONVERSION = YES;
				CLANG_WARN_OBJC_ROOT_CLASS = YES_ERROR;
				CLANG_WARN_RANGE_LOOP_ANALYSIS = YES;
				CLANG_WARN_STRICT_PROTOTYPES = YES;
				CLANG_WARN_SUSPICIOUS_MOVE = YES;
				CLANG_WARN_UNGUARDED_AVAILABILITY = YES_AGGRESSIVE;
				CLANG_WARN_UNREACHABLE_CODE = YES;
				CLANG_WARN__DUPLICATE_METHOD_MATCH = YES;
				CODE_SIGN_IDENTITY = "-";
				COPY_PHASE_STRIP = NO;
				DEBUG_INFORMATION_FORMAT = dwarf;
				ENABLE_STRICT_OBJC_MSGSEND = YES;
				ENABLE_TESTABILITY = YES;
				GCC_C_LANGUAGE_STANDARD = gnu11;
				GCC_DYNAMIC_NO_PIC = NO;
				GCC_NO_COMMON_BLOCKS = YES;
				GCC_OPTIMIZATION_LEVEL = 0;
				GCC_PREPROCESSOR_DEFINITIONS = (
					"DEBUG=1",
					"$(inherited)",
				);
				GCC_WARN_64_TO_32_BIT_CONVERSION = YES;
				GCC_WARN_ABOUT_RETURN_TYPE = YES_ERROR;
				GCC_WARN_UNDECLARED_SELECTOR = YES;
				GCC_WARN_UNINITIALIZED_AUTOS = YES_AGGRESSIVE;
				GCC_WARN_UNUSED_FUNCTION = YES;
				GCC_WARN_UNUSED_VARIABLE = YES;
				MACOSX_DEPLOYMENT_TARGET = 10.13;
				MTL_ENABLE_DEBUG_INFO = YES;
				ONLY_ACTIVE_ARCH = YES;
				SDKROOT = macosx;
				SWIFT_ACTIVE_COMPILATION_CONDITIONS = DEBUG;
				SWIFT_OPTIMIZATION_LEVEL = "-Onone";
			};
			name = Debug;
		};
		EF8FDA58207B5DE60024CF66 /* Release */ = {
			isa = XCBuildConfiguration;
			buildSettings = {
				ALWAYS_SEARCH_USER_PATHS = NO;
				CLANG_ANALYZER_NONNULL = YES;
				CLANG_ANALYZER_NUMBER_OBJECT_CONVERSION = YES_AGGRESSIVE;
				CLANG_CXX_LANGUAGE_STANDARD = "gnu++14";
				CLANG_CXX_LIBRARY = "libc++";
				CLANG_ENABLE_MODULES = YES;
				CLANG_ENABLE_OBJC_ARC = YES;
				CLANG_WARN_BLOCK_CAPTURE_AUTORELEASING = YES;
				CLANG_WARN_BOOL_CONVERSION = YES;
				CLANG_WARN_COMMA = YES;
				CLANG_WARN_CONSTANT_CONVERSION = YES;
				CLANG_WARN_DIRECT_OBJC_ISA_USAGE = YES_ERROR;
				CLANG_WARN_DOCUMENTATION_COMMENTS = YES;
				CLANG_WARN_EMPTY_BODY = YES;
				CLANG_WARN_ENUM_CONVERSION = YES;
				CLANG_WARN_INFINITE_RECURSION = YES;
				CLANG_WARN_INT_CONVERSION = YES;
				CLANG_WARN_NON_LITERAL_NULL_CONVERSION = YES;
				CLANG_WARN_OBJC_LITERAL_CONVERSION = YES;
				CLANG_WARN_OBJC_ROOT_CLASS = YES_ERROR;
				CLANG_WARN_RANGE_LOOP_ANALYSIS = YES;
				CLANG_WARN_STRICT_PROTOTYPES = YES;
				CLANG_WARN_SUSPICIOUS_MOVE = YES;
				CLANG_WARN_UNGUARDED_AVAILABILITY = YES_AGGRESSIVE;
				CLANG_WARN_UNREACHABLE_CODE = YES;
				CLANG_WARN__DUPLICATE_METHOD_MATCH = YES;
				CODE_SIGN_IDENTITY = "-";
				COPY_PHASE_STRIP = NO;
				DEBUG_INFORMATION_FORMAT = "dwarf-with-dsym";
				ENABLE_NS_ASSERTIONS = NO;
				ENABLE_STRICT_OBJC_MSGSEND = YES;
				GCC_C_LANGUAGE_STANDARD = gnu11;
				GCC_NO_COMMON_BLOCKS = YES;
				GCC_WARN_64_TO_32_BIT_CONVERSION = YES;
				GCC_WARN_ABOUT_RETURN_TYPE = YES_ERROR;
				GCC_WARN_UNDECLARED_SELECTOR = YES;
				GCC_WARN_UNINITIALIZED_AUTOS = YES_AGGRESSIVE;
				GCC_WARN_UNUSED_FUNCTION = YES;
				GCC_WARN_UNUSED_VARIABLE = YES;
				MACOSX_DEPLOYMENT_TARGET = 10.13;
				MTL_ENABLE_DEBUG_INFO = NO;
				SDKROOT = macosx;
				SWIFT_OPTIMIZATION_LEVEL = "-Owholemodule";
			};
			name = Release;
		};
		EF8FDA5A207B5DE60024CF66 /* Debug */ = {
			isa = XCBuildConfiguration;
			buildSettings = {
				CODE_SIGN_STYLE = Automatic;
				PRODUCT_NAME = "$(TARGET_NAME)";
				SWIFT_VERSION = 4.0;
			};
			name = Debug;
		};
		EF8FDA5B207B5DE60024CF66 /* Release */ = {
			isa = XCBuildConfiguration;
			buildSettings = {
				CODE_SIGN_STYLE = Automatic;
				PRODUCT_NAME = "$(TARGET_NAME)";
				SWIFT_VERSION = 4.0;
			};
			name = Release;
		};
/* End XCBuildConfiguration section */

/* Begin XCConfigurationList section */
		EF8FDA4D207B5DE60024CF66 /* Build configuration list for PBXProject "vision_text_detection" */ = {
			isa = XCConfigurationList;
			buildConfigurations = (
				EF8FDA57207B5DE60024CF66 /* Debug */,
				EF8FDA58207B5DE60024CF66 /* Release */,
			);
			defaultConfigurationIsVisible = 0;
			defaultConfigurationName = Release;
		};
		EF8FDA59207B5DE60024CF66 /* Build configuration list for PBXNativeTarget "vision_text_detection" */ = {
			isa = XCConfigurationList;
			buildConfigurations = (
				EF8FDA5A207B5DE60024CF66 /* Debug */,
				EF8FDA5B207B5DE60024CF66 /* Release */,
			);
			defaultConfigurationIsVisible = 0;
			defaultConfigurationName = Release;
		};
/* End XCConfigurationList section */
	};
	rootObject = EF8FDA4A207B5DE60024CF66 /* Project object */;
}
